
Microsoft Visual Studio Solution File, Format Version 12.00
# Visual Studio Version 17
VisualStudioVersion = 17.3.32811.315
MinimumVisualStudioVersion = 10.0.40219.1
Project("{FAE04EC0-301F-11D3-BF4B-00C04F79EFBC}") = "Table", "Table\Table.csproj", "{573AEC62-317F-41ED-91C4-4746CE67471D}"
EndProject
Global
	GlobalSection(SolutionConfigurationPlatforms) = preSolution
		Debug|Any CPU = Debug|Any CPU
		Release|Any CPU = Release|Any CPU
	EndGlobalSection
	GlobalSection(ProjectConfigurationPlatforms) = postSolution
		{573AEC62-317F-41ED-91C4-4746CE67471D}.Debug|Any CPU.ActiveCfg = Debug|Any CPU
		{573AEC62-317F-41ED-91C4-4746CE67471D}.Debug|Any CPU.Build.0 = Debug|Any CPU
		{573AEC62-317F-41ED-91C4-4746CE67471D}.Release|Any CPU.ActiveCfg = Release|Any CPU
		{573AEC62-317F-41ED-91C4-4746CE67471D}.Release|Any CPU.Build.0 = Release|Any CPU
	EndGlobalSection
	GlobalSection(SolutionProperties) = preSolution
		HideSolutionNode = FALSE
	EndGlobalSection
	GlobalSection(ExtensibilityGlobals) = postSolution
		SolutionGuid = {0795045D-57BD-4779-8825-F97E6D5E79BA}
	EndGlobalSection
EndGlobal
